PODS:
  - Alamofire (3.4.1)
  - AlamofireImage (2.4.1):
    - Alamofire (~> 3.3)
  - CCBottomRefreshControl (0.5.1):
    - Masonry (~> 0.6.2)
  - Masonry (0.6.4)
  - Realm (1.0.2):
    - Realm/Headers (= 1.0.2)
  - Realm/Headers (1.0.2)
  - RealmSwift (1.0.2):
    - Realm (= 1.0.2)
  - SwiftyJSON (2.3.2)
  - SwiftyOAuth (0.4.1)
  - TMDBSwift (0.1.9)

DEPENDENCIES:
  - Alamofire (~> 3.4)
  - AlamofireImage (~> 2.0)
  - CCBottomRefreshControl
  - RealmSwift (~> 1.0.2)
  - SwiftyJSON
  - SwiftyOAuth (from `https://github.com/delba/SwiftyOAuth.git`)
  - TMDBSwift

EXTERNAL SOURCES:
  SwiftyOAuth:
    :git: https://github.com/delba/SwiftyOAuth.git

CHECKOUT OPTIONS:
  SwiftyOAuth:
    :commit: d670a13f5c70b7c49d2aca3f5b22fa628cffc981
    :git: https://github.com/delba/SwiftyOAuth.git

SPEC CHECKSUMS:
  Alamofire: 01a82e2f6c0f860ade35534c8dd88be61bdef40c
  AlamofireImage: 3ccf3347d9ea24580dc11fb892770a0be6a29826
  CCBottomRefreshControl: 57a596348855260f627ffc2b311328ed15b94877
  Masonry: 281802d04d787ea2973179ee8bcb50500579ede2
  Realm: 9d5c46a4d7d27958530a8dfc58f63a99e5c2cba3
  RealmSwift: 82f3ac5e24530143dddfde2033acc0d308f27d96
  SwiftyJSON: 04ccea08915aa0109039157c7974cf0298da292a
  SwiftyOAuth: 6fa3e4fe2154a046ef6e56f02a1ab6c6d240d606
  TMDBSwift: 210e0fee779fa8b94171a74d717887cf7bc5aba2

PODFILE CHECKSUM: 8f1fc0b40ba211f96c1469cce904a066a4b24e63

COCOAPODS: 1.0.1
